
Microsoft Visual Studio Solution File, Format Version 12.00
# Visual Studio Version 16
VisualStudioVersion = 16.0.30804.86
MinimumVisualStudioVersion = 10.0.40219.1
Project("{9A19103F-16F7-4668-BE54-9A1E7A4F7556}") = "Store.Web", "Store.Web\Store.Web.csproj", "{7A98C929-CC60-46A2-A290-B6D04B0D3477}"
EndProject
Global
	GlobalSection(SolutionConfigurationPlatforms) = preSolution
		Debug|Any CPU = Debug|Any CPU
		Release|Any CPU = Release|Any CPU
	EndGlobalSection
	GlobalSection(ProjectConfigurationPlatforms) = postSolution
		{7A98C929-CC60-46A2-A290-B6D04B0D3477}.Debug|Any CPU.ActiveCfg = Debug|Any CPU
		{7A98C929-CC60-46A2-A290-B6D04B0D3477}.Debug|Any CPU.Build.0 = Debug|Any CPU
		{7A98C929-CC60-46A2-A290-B6D04B0D3477}.Release|Any CPU.ActiveCfg = Release|Any CPU
		{7A98C929-CC60-46A2-A290-B6D04B0D3477}.Release|Any CPU.Build.0 = Release|Any CPU
	EndGlobalSection
	GlobalSection(SolutionProperties) = preSolution
		HideSolutionNode = FALSE
	EndGlobalSection
	GlobalSection(ExtensibilityGlobals) = postSolution
		SolutionGuid = {21F30B5F-56C2-40CF-A002-ED9B98431FCE}
	EndGlobalSection
EndGlobal
